<?xml version="1.0" encoding="utf-8"?>
<Project ToolsVersion="4.0" xmlns="http://schemas.microsoft.com/developer/msbuild/2003">
  <ItemGroup>
    <Filter Include="ソース ファイル">
      <UniqueIdentifier>{4FC737F1-C7A5-4376-A066-2A32D752A2FF}</UniqueIdentifier>
      <Extensions>cpp;c;cc;cxx;c++;cppm;ixx;def;odl;idl;hpj;bat;asm;asmx</Extensions>
    </Filter>
    <Filter Include="ヘッダー ファイル">
      <UniqueIdentifier>{93995380-89BD-4b04-88EB-625FBE52EBFB}</UniqueIdentifier>
      <Extensions>h;hh;hpp;hxx;h++;hm;inl;inc;ipp;xsd</Extensions>
    </Filter>
    <Filter Include="ソース ファイル\Actor">
      <UniqueIdentifier>{fca29165-a90d-44d8-a332-0d851bec05ef}</UniqueIdentifier>
    </Filter>
    <Filter Include="ソース ファイル\Component">
      <UniqueIdentifier>{5bdcea98-a48a-43fc-acff-3f9a9d239648}</UniqueIdentifier>
    </Filter>
    <Filter Include="ソース ファイル\Collider">
      <UniqueIdentifier>{c6b23a63-0773-471a-9634-b1042260cba7}</UniqueIdentifier>
    </Filter>
    <Filter Include="ソース ファイル\Camera">
      <UniqueIdentifier>{6327b65e-ddf4-4555-b00f-9b99cd38e5ce}</UniqueIdentifier>
    </Filter>
    <Filter Include="ソース ファイル\Game">
      <UniqueIdentifier>{ddff6434-ebd9-40a0-a3bb-88e5846a1644}</UniqueIdentifier>
    </Filter>
    <Filter Include="ソース ファイル\Scene">
      <UniqueIdentifier>{f90d5fff-45f1-42ea-b727-8104d477505b}</UniqueIdentifier>
    </Filter>
    <Filter Include="ソース ファイル\Main">
      <UniqueIdentifier>{65ef64d9-4e20-4a5d-b61f-21c09d8714d0}</UniqueIdentifier>
    </Filter>
    <Filter Include="ソース ファイル\Actor\Player">
      <UniqueIdentifier>{bd2be9c9-d0f3-466d-a940-af62cd91ab3a}</UniqueIdentifier>
    </Filter>
    <Filter Include="ソース ファイル\Actor\Player\State">
      <UniqueIdentifier>{ba589db9-53c0-43f2-9944-0068aaae5484}</UniqueIdentifier>
    </Filter>
    <Filter Include="ソース ファイル\System">
      <UniqueIdentifier>{f4837f22-0459-4d1e-9fa9-08a6a9ee1489}</UniqueIdentifier>
    </Filter>
    <Filter Include="ソース ファイル\System\RapidJsonHelper">
      <UniqueIdentifier>{225cd725-b928-4412-b5e9-f04369113a58}</UniqueIdentifier>
    </Filter>
    <Filter Include="ソース ファイル\System\PhysicsWorld">
      <UniqueIdentifier>{32b543c2-2fbf-45c6-889d-a2e48daa6a9f}</UniqueIdentifier>
    </Filter>
    <Filter Include="ソース ファイル\System\Renderer">
      <UniqueIdentifier>{df4f4e35-8f68-4c84-ad47-382fe8ceb7ff}</UniqueIdentifier>
    </Filter>
    <Filter Include="ソース ファイル\System\Renderer\HDR">
      <UniqueIdentifier>{4b945d85-a58d-4914-94e5-23f4e99ffac6}</UniqueIdentifier>
    </Filter>
    <Filter Include="ソース ファイル\System\Renderer\VertexArray">
      <UniqueIdentifier>{f2e18d90-2efc-46b9-ba44-8c585c113ac4}</UniqueIdentifier>
    </Filter>
    <Filter Include="ソース ファイル\System\Texture">
      <UniqueIdentifier>{32cbd3b7-fdc1-48fb-acd2-04c606380093}</UniqueIdentifier>
    </Filter>
    <Filter Include="ソース ファイル\System\Tag">
      <UniqueIdentifier>{d596db14-d134-4ba9-8f39-93cbb3c9293b}</UniqueIdentifier>
    </Filter>
    <Filter Include="ソース ファイル\System\Skeleton">
      <UniqueIdentifier>{aa6f0187-2547-44f7-93cd-b628a0491f6d}</UniqueIdentifier>
    </Filter>
    <Filter Include="ソース ファイル\System\Skeleton\Animation">
      <UniqueIdentifier>{758f9d43-b529-4e0c-aac2-7779a698d8c0}</UniqueIdentifier>
    </Filter>
    <Filter Include="ソース ファイル\System\Skeleton\MatrixPalette">
      <UniqueIdentifier>{9390c3f9-845a-4db1-a22b-195befb97b83}</UniqueIdentifier>
    </Filter>
    <Filter Include="ソース ファイル\System\Skeleton\BoneTransform">
      <UniqueIdentifier>{652a4cb3-3289-4954-9998-ef568211e112}</UniqueIdentifier>
    </Filter>
    <Filter Include="ソース ファイル\System\Shader">
      <UniqueIdentifier>{4ae29848-f186-447a-9472-a6cf2dc3c1ca}</UniqueIdentifier>
    </Filter>
    <Filter Include="ソース ファイル\System\Shader\ShaderTag">
      <UniqueIdentifier>{166f27ca-f136-40e0-81af-f2fc11282d11}</UniqueIdentifier>
    </Filter>
    <Filter Include="ソース ファイル\System\Audio">
      <UniqueIdentifier>{4a7eb30e-2e32-4100-9fb0-1e9142f1735e}</UniqueIdentifier>
    </Filter>
    <Filter Include="ソース ファイル\System\Audio\Music">
      <UniqueIdentifier>{c81657c5-58c6-4944-90d7-a68f3a7ceefa}</UniqueIdentifier>
    </Filter>
    <Filter Include="ソース ファイル\System\Audio\Sound">
      <UniqueIdentifier>{4017e513-a15c-4d04-a268-b60a13669b1f}</UniqueIdentifier>
    </Filter>
    <Filter Include="ソース ファイル\System\Mesh">
      <UniqueIdentifier>{e187e51c-4893-4cf5-8ae3-ace72e601c80}</UniqueIdentifier>
    </Filter>
    <Filter Include="ソース ファイル\System\Math">
      <UniqueIdentifier>{942c0865-ccb3-48c0-b3ce-5a21e0414ccd}</UniqueIdentifier>
    </Filter>
    <Filter Include="ソース ファイル\System\Input">
      <UniqueIdentifier>{22cf5205-7b20-4761-9206-f4b182ffd8d8}</UniqueIdentifier>
    </Filter>
    <Filter Include="ソース ファイル\System\EffekseerEffect">
      <UniqueIdentifier>{256a622a-a616-43a8-bf8e-622b6e1df99d}</UniqueIdentifier>
    </Filter>
    <Filter Include="ソース ファイル\System\Renderer\DepthMap">
      <UniqueIdentifier>{759552af-e028-494f-971a-e1e77bffeec4}</UniqueIdentifier>
    </Filter>
    <Filter Include="ソース ファイル\System\Renderer\DebugGrid">
      <UniqueIdentifier>{614d3ff8-61c6-4804-8746-2ca88506bba0}</UniqueIdentifier>
    </Filter>
    <Filter Include="ソース ファイル\System\Renderer\BitmapText">
      <UniqueIdentifier>{2cf8628f-a848-488f-afb0-ea8e684aa248}</UniqueIdentifier>
    </Filter>
    <Filter Include="ソース ファイル\Collider\Box">
      <UniqueIdentifier>{c3ceee60-f8bb-44c9-86e6-0e2baed05181}</UniqueIdentifier>
    </Filter>
    <Filter Include="ソース ファイル\Collider\Line">
      <UniqueIdentifier>{75cd1fa9-3507-4995-ac29-9a4b2b037588}</UniqueIdentifier>
    </Filter>
    <Filter Include="ソース ファイル\Collider\Wall">
      <UniqueIdentifier>{98de7666-1655-4d42-93ec-dfff81e87aa1}</UniqueIdentifier>
    </Filter>
    <Filter Include="ソース ファイル\Component\Attach">
      <UniqueIdentifier>{03a69eed-3d9b-4857-b074-a375af8ccc5d}</UniqueIdentifier>
    </Filter>
    <Filter Include="ソース ファイル\Component\Collider">
      <UniqueIdentifier>{c8f44011-b8a5-42c9-8439-a8118debc48a}</UniqueIdentifier>
    </Filter>
    <Filter Include="ソース ファイル\Component\Effect">
      <UniqueIdentifier>{63add8f1-80fe-48b9-809d-9d9794dd703d}</UniqueIdentifier>
    </Filter>
    <Filter Include="ソース ファイル\Component\Mesh">
      <UniqueIdentifier>{1247949c-1f86-4b2f-97ea-ff91f5c38fbb}</UniqueIdentifier>
    </Filter>
    <Filter Include="ソース ファイル\Component\Skeletal">
      <UniqueIdentifier>{72b0f880-1abc-425c-83a0-6c19f21352b4}</UniqueIdentifier>
    </Filter>
    <Filter Include="ソース ファイル\Component\Sprite">
      <UniqueIdentifier>{24811daa-b455-43a0-bf11-2ce61de1a6c8}</UniqueIdentifier>
    </Filter>
    <Filter Include="Shader">
      <UniqueIdentifier>{67DA6AB6-F800-4c08-8B7A-83BB121AAD01}</UniqueIdentifier>
      <Extensions>rc;ico;cur;bmp;dlg;rc2;rct;bin;rgs;gif;jpg;jpeg;jpe;resx;tiff;tif;png;wav;mfcribbon-ms</Extensions>
    </Filter>
    <Filter Include="ソース ファイル\Collider\Sphere">
      <UniqueIdentifier>{516023c1-6a79-4044-a51c-1231b2ff0a2e}</UniqueIdentifier>
    </Filter>
    <Filter Include="ソース ファイル\Collider\AttackObj">
      <UniqueIdentifier>{4e7c3ed3-4193-4105-a236-5ba5c56b2d73}</UniqueIdentifier>
    </Filter>
    <Filter Include="ソース ファイル\Actor\BackGroundActor">
      <UniqueIdentifier>{d5ae47f3-d86e-4279-a4f5-e34e9e04fc71}</UniqueIdentifier>
    </Filter>
    <Filter Include="ソース ファイル\Actor\BackGroundActor\StaticBGActor">
      <UniqueIdentifier>{6bb70bcc-531c-4e16-ad12-8949c11c96ba}</UniqueIdentifier>
    </Filter>
    <Filter Include="ソース ファイル\Actor\BackGroundActor\ChangeBGActor">
      <UniqueIdentifier>{ae55b362-f22e-4f93-902e-56dbd325da48}</UniqueIdentifier>
    </Filter>
    <Filter Include="ソース ファイル\Actor\BackGroundActor\SwitchActor">
      <UniqueIdentifier>{93ae21b4-bfa9-4033-9b2c-d88ea7ca2de1}</UniqueIdentifier>
    </Filter>
    <Filter Include="ソース ファイル\Component\ChangeMesh">
      <UniqueIdentifier>{94ba37ac-9477-4465-ad72-02d4d3b95f8d}</UniqueIdentifier>
    </Filter>
    <Filter Include="ソース ファイル\Actor\Enemy">
      <UniqueIdentifier>{ab7e05ea-e6d7-472a-91b7-562c8189d82b}</UniqueIdentifier>
    </Filter>
    <Filter Include="ソース ファイル\Actor\Enemy\State">
      <UniqueIdentifier>{1242ee22-45b6-47cd-82a3-e9559cb5758a}</UniqueIdentifier>
    </Filter>
    <Filter Include="ソース ファイル\Component\LoopMotionComponent">
      <UniqueIdentifier>{14ede3ea-c38e-48d0-b8a6-7dca3addddab}</UniqueIdentifier>
    </Filter>
    <Filter Include="ソース ファイル\Actor\BackGroundActor\MoveBGActor">
      <UniqueIdentifier>{3574e003-d7d1-4036-8a17-8a34248c7b78}</UniqueIdentifier>
    </Filter>
    <Filter Include="ソース ファイル\UI">
      <UniqueIdentifier>{c4eb85d6-3df8-481a-b6ff-0919daba51be}</UniqueIdentifier>
    </Filter>
    <Filter Include="ソース ファイル\UI\PlaySceneUI">
      <UniqueIdentifier>{48e0553f-0a2a-4580-b808-bbd66206051b}</UniqueIdentifier>
    </Filter>
    <Filter Include="ソース ファイル\UI\TitleSceneUI">
      <UniqueIdentifier>{a4490627-75ac-40f7-b9a9-78373a7cec28}</UniqueIdentifier>
    </Filter>
    <Filter Include="ソース ファイル\Actor\BackGroundActor\DoorActor">
      <UniqueIdentifier>{a0a34560-33e3-4c48-b079-0c5765ce17ce}</UniqueIdentifier>
    </Filter>
  </ItemGroup>
  <ItemGroup>
    <ClCompile Include="SphereObj.cpp">
      <Filter>ソース ファイル</Filter>
    </ClCompile>
    <ClCompile Include="Actor.cpp">
      <Filter>ソース ファイル\Actor</Filter>
    </ClCompile>
    <ClCompile Include="Animation.cpp">
      <Filter>ソース ファイル\System\Skeleton\Animation</Filter>
    </ClCompile>
    <ClCompile Include="AudioManager.cpp">
      <Filter>ソース ファイル\System\Audio</Filter>
    </ClCompile>
    <ClCompile Include="BGCollisionSetter.cpp">
      <Filter>ソース ファイル\Collider</Filter>
    </ClCompile>
    <ClCompile Include="BitmapText.cpp">
      <Filter>ソース ファイル\System\Renderer\BitmapText</Filter>
    </ClCompile>
    <ClCompile Include="BoneTransform.cpp">
      <Filter>ソース ファイル\System\Skeleton\BoneTransform</Filter>
    </ClCompile>
    <ClCompile Include="CameraActor.cpp">
      <Filter>ソース ファイル\Camera</Filter>
    </ClCompile>
    <ClCompile Include="Collision.cpp">
      <Filter>ソース ファイル\Collider</Filter>
    </ClCompile>
    <ClCompile Include="Component.cpp">
      <Filter>ソース ファイル\Component</Filter>
    </ClCompile>
    <ClCompile Include="DebugGrid.cpp">
      <Filter>ソース ファイル\System\Renderer\DebugGrid</Filter>
    </ClCompile>
    <ClCompile Include="DepthMap.cpp">
      <Filter>ソース ファイル\System\Renderer\DepthMap</Filter>
    </ClCompile>
    <ClCompile Include="EffekseerEffect.cpp">
      <Filter>ソース ファイル\System\EffekseerEffect</Filter>
    </ClCompile>
    <ClCompile Include="EnemyActor.cpp">
      <Filter>ソース ファイル\Actor\Enemy</Filter>
    </ClCompile>
    <ClCompile Include="EnemyStateAttack.cpp">
      <Filter>ソース ファイル\Actor\Enemy\State</Filter>
    </ClCompile>
    <ClCompile Include="EnemyStateDeath.cpp">
      <Filter>ソース ファイル\Actor\Enemy\State</Filter>
    </ClCompile>
    <ClCompile Include="EnemyStateHit.cpp">
      <Filter>ソース ファイル\Actor\Enemy\State</Filter>
    </ClCompile>
    <ClCompile Include="EnemyStateIdle.cpp">
      <Filter>ソース ファイル\Actor\Enemy\State</Filter>
    </ClCompile>
    <ClCompile Include="EnemyStatePatrol.cpp">
      <Filter>ソース ファイル\Actor\Enemy\State</Filter>
    </ClCompile>
    <ClCompile Include="EnemyStateRun.cpp">
      <Filter>ソース ファイル\Actor\Enemy\State</Filter>
    </ClCompile>
    <ClCompile Include="Game.cpp">
      <Filter>ソース ファイル\Game</Filter>
    </ClCompile>
    <ClCompile Include="GameClearScene.cpp">
      <Filter>ソース ファイル\Scene</Filter>
    </ClCompile>
    <ClCompile Include="GameOverScene.cpp">
      <Filter>ソース ファイル\Scene</Filter>
    </ClCompile>
    <ClCompile Include="GameScene.cpp">
      <Filter>ソース ファイル\Scene</Filter>
    </ClCompile>
    <ClCompile Include="HDR.cpp">
      <Filter>ソース ファイル\System\Renderer\HDR</Filter>
    </ClCompile>
    <ClCompile Include="Input.cpp">
      <Filter>ソース ファイル\System\Input</Filter>
    </ClCompile>
    <ClCompile Include="InputController.cpp">
      <Filter>ソース ファイル\System\Input</Filter>
    </ClCompile>
    <ClCompile Include="main.cpp">
      <Filter>ソース ファイル\Main</Filter>
    </ClCompile>
    <ClCompile Include="Math.cpp">
      <Filter>ソース ファイル\System\Math</Filter>
    </ClCompile>
    <ClCompile Include="Mesh.cpp">
      <Filter>ソース ファイル\System\Mesh</Filter>
    </ClCompile>
    <ClCompile Include="Music.cpp">
      <Filter>ソース ファイル\System\Audio\Music</Filter>
    </ClCompile>
    <ClCompile Include="PhysicsWorld.cpp">
      <Filter>ソース ファイル\System\PhysicsWorld</Filter>
    </ClCompile>
    <ClCompile Include="PlayerActor.cpp">
      <Filter>ソース ファイル\Actor\Player</Filter>
    </ClCompile>
    <ClCompile Include="PlayerStateIdle.cpp">
      <Filter>ソース ファイル\Actor\Player\State</Filter>
    </ClCompile>
    <ClCompile Include="PlayerStateRun.cpp">
      <Filter>ソース ファイル\Actor\Player\State</Filter>
    </ClCompile>
    <ClCompile Include="RapidJsonHelper.cpp">
      <Filter>ソース ファイル\System\RapidJsonHelper</Filter>
    </ClCompile>
    <ClCompile Include="Renderer.cpp">
      <Filter>ソース ファイル\System\Renderer</Filter>
    </ClCompile>
    <ClCompile Include="Shader.cpp">
      <Filter>ソース ファイル\System\Shader</Filter>
    </ClCompile>
    <ClCompile Include="ShaderTag.cpp">
      <Filter>ソース ファイル\System\Shader\ShaderTag</Filter>
    </ClCompile>
    <ClCompile Include="Skeleton.cpp">
      <Filter>ソース ファイル\System\Skeleton</Filter>
    </ClCompile>
    <ClCompile Include="Sound.cpp">
      <Filter>ソース ファイル\System\Audio\Sound</Filter>
    </ClCompile>
    <ClCompile Include="ThirdPersonCameraActor.cpp">
      <Filter>ソース ファイル\Camera</Filter>
    </ClCompile>
    <ClCompile Include="TitleScene.cpp">
      <Filter>ソース ファイル\Scene</Filter>
    </ClCompile>
    <ClCompile Include="Tag.cpp">
      <Filter>ソース ファイル\System\Tag</Filter>
    </ClCompile>
    <ClCompile Include="Texture.cpp">
      <Filter>ソース ファイル\System\Texture</Filter>
    </ClCompile>
    <ClCompile Include="VertexArray.cpp">
      <Filter>ソース ファイル\System\Renderer\VertexArray</Filter>
    </ClCompile>
    <ClCompile Include="BoxCollider.cpp">
      <Filter>ソース ファイル\Collider\Box</Filter>
    </ClCompile>
    <ClCompile Include="LineCollider.cpp">
      <Filter>ソース ファイル\Collider\Line</Filter>
    </ClCompile>
    <ClCompile Include="WallCollider.cpp">
      <Filter>ソース ファイル\Collider\Wall</Filter>
    </ClCompile>
    <ClCompile Include="AttachMeshComponent.cpp">
      <Filter>ソース ファイル\Component\Attach</Filter>
    </ClCompile>
    <ClCompile Include="ColliderComponent.cpp">
      <Filter>ソース ファイル\Component\Collider</Filter>
    </ClCompile>
    <ClCompile Include="EffectComponent.cpp">
      <Filter>ソース ファイル\Component\Effect</Filter>
    </ClCompile>
    <ClCompile Include="MeshComponent.cpp">
      <Filter>ソース ファイル\Component\Mesh</Filter>
    </ClCompile>
    <ClCompile Include="SkeletalMeshComponent.cpp">
      <Filter>ソース ファイル\Component\Skeletal</Filter>
    </ClCompile>
    <ClCompile Include="SpriteComponent.cpp">
      <Filter>ソース ファイル\Component\Sprite</Filter>
    </ClCompile>
    <ClCompile Include="SphereCollider.cpp">
      <Filter>ソース ファイル\Collider\Sphere</Filter>
    </ClCompile>
    <ClCompile Include="AttackObj.cpp">
      <Filter>ソース ファイル\Collider\AttackObj</Filter>
    </ClCompile>
    <ClCompile Include="StaticBGActor.cpp">
      <Filter>ソース ファイル\Actor\BackGroundActor\StaticBGActor</Filter>
    </ClCompile>
    <ClCompile Include="ChangeBGActor.cpp">
      <Filter>ソース ファイル\Actor\BackGroundActor\ChangeBGActor</Filter>
    </ClCompile>
    <ClCompile Include="SwitchActor.cpp">
      <Filter>ソース ファイル\Actor\BackGroundActor\SwitchActor</Filter>
    </ClCompile>
    <ClCompile Include="ChangeMeshComponent.cpp">
      <Filter>ソース ファイル\Component\ChangeMesh</Filter>
    </ClCompile>
    <ClCompile Include="Receiver.cpp">
      <Filter>ソース ファイル\Actor\BackGroundActor\StaticBGActor</Filter>
    </ClCompile>
    <ClCompile Include="EnemyManager.cpp">
      <Filter>ソース ファイル\Actor\Enemy</Filter>
    </ClCompile>
    <ClCompile Include="EnemyStateMoveLight.cpp">
      <Filter>ソース ファイル\Actor\Enemy\State</Filter>
    </ClCompile>
    <ClCompile Include="LoopMotionComponent.cpp">
      <Filter>ソース ファイル\Component\LoopMotionComponent</Filter>
    </ClCompile>
    <ClCompile Include="ButtonSprite.cpp">
      <Filter>ソース ファイル</Filter>
    </ClCompile>
    <ClCompile Include="PlaySceneUI.cpp">
      <Filter>ソース ファイル</Filter>
    </ClCompile>
    <ClCompile Include="PlayerStateJumpStart.cpp">
      <Filter>ソース ファイル\Actor\Player\State</Filter>
    </ClCompile>
    <ClCompile Include="PlayerStateJumpLoop.cpp">
      <Filter>ソース ファイル</Filter>
    </ClCompile>
    <ClCompile Include="PlayerStateJumpEnd.cpp">
      <Filter>ソース ファイル</Filter>
    </ClCompile>
    <ClCompile Include="MoveBGActor.cpp">
      <Filter>ソース ファイル\Actor\BackGroundActor\MoveBGActor</Filter>
    </ClCompile>
    <ClCompile Include="DoorActor.cpp">
      <Filter>ソース ファイル\Actor\BackGroundActor\DoorActor</Filter>
    </ClCompile>
  </ItemGroup>
  <ItemGroup>
    <ClInclude Include="SphereObj.h">
      <Filter>ソース ファイル</Filter>
    </ClInclude>
    <ClInclude Include="Actor.h">
      <Filter>ソース ファイル\Actor</Filter>
    </ClInclude>
    <ClInclude Include="Animation.h">
      <Filter>ソース ファイル\System\Skeleton\Animation</Filter>
    </ClInclude>
    <ClInclude Include="AudioManager.h">
      <Filter>ソース ファイル\System\Audio</Filter>
    </ClInclude>
    <ClInclude Include="BGCollisionSetter.h">
      <Filter>ソース ファイル\Collider</Filter>
    </ClInclude>
    <ClInclude Include="BitmapText.h">
      <Filter>ソース ファイル\System\Renderer\BitmapText</Filter>
    </ClInclude>
    <ClInclude Include="BoneTransform.h">
      <Filter>ソース ファイル\System\Skeleton\BoneTransform</Filter>
    </ClInclude>
    <ClInclude Include="CameraActor.h">
      <Filter>ソース ファイル\Camera</Filter>
    </ClInclude>
    <ClInclude Include="Collision.h">
      <Filter>ソース ファイル\Collider</Filter>
    </ClInclude>
    <ClInclude Include="Component.h">
      <Filter>ソース ファイル\Component</Filter>
    </ClInclude>
    <ClInclude Include="DebugGrid.h">
      <Filter>ソース ファイル\System\Renderer\DebugGrid</Filter>
    </ClInclude>
    <ClInclude Include="DepthMap.h">
      <Filter>ソース ファイル\System\Renderer\DepthMap</Filter>
    </ClInclude>
    <ClInclude Include="EffekseerEffect.h">
      <Filter>ソース ファイル\System\EffekseerEffect</Filter>
    </ClInclude>
    <ClInclude Include="EnemyActor.h">
      <Filter>ソース ファイル\Actor\Enemy</Filter>
    </ClInclude>
    <ClInclude Include="EnemyStateAttack.h">
      <Filter>ソース ファイル\Actor\Enemy\State</Filter>
    </ClInclude>
    <ClInclude Include="EnemyStateBase.h">
      <Filter>ソース ファイル\Actor\Enemy\State</Filter>
    </ClInclude>
    <ClInclude Include="EnemyStateDeath.h">
      <Filter>ソース ファイル\Actor\Enemy\State</Filter>
    </ClInclude>
    <ClInclude Include="EnemyStateHit.h">
      <Filter>ソース ファイル\Actor\Enemy\State</Filter>
    </ClInclude>
    <ClInclude Include="EnemyStateIdle.h">
      <Filter>ソース ファイル\Actor\Enemy\State</Filter>
    </ClInclude>
    <ClInclude Include="EnemyStatePatrol.h">
      <Filter>ソース ファイル\Actor\Enemy\State</Filter>
    </ClInclude>
    <ClInclude Include="EnemyStateRun.h">
      <Filter>ソース ファイル\Actor\Enemy\State</Filter>
    </ClInclude>
    <ClInclude Include="Game.h">
      <Filter>ソース ファイル\Game</Filter>
    </ClInclude>
    <ClInclude Include="GameClearScene.h">
      <Filter>ソース ファイル\Scene</Filter>
    </ClInclude>
    <ClInclude Include="GameOverScene.h">
      <Filter>ソース ファイル\Scene</Filter>
    </ClInclude>
    <ClInclude Include="GameScene.h">
      <Filter>ソース ファイル\Scene</Filter>
    </ClInclude>
    <ClInclude Include="HDR.h">
      <Filter>ソース ファイル\System\Renderer\HDR</Filter>
    </ClInclude>
    <ClInclude Include="Input.h">
      <Filter>ソース ファイル\System\Input</Filter>
    </ClInclude>
    <ClInclude Include="InputController.h">
      <Filter>ソース ファイル\System\Input</Filter>
    </ClInclude>
    <ClInclude Include="Math.h">
      <Filter>ソース ファイル\System\Math</Filter>
    </ClInclude>
    <ClInclude Include="MatrixPalette.h">
      <Filter>ソース ファイル\System\Skeleton\MatrixPalette</Filter>
    </ClInclude>
    <ClInclude Include="Mesh.h">
      <Filter>ソース ファイル\System\Mesh</Filter>
    </ClInclude>
    <ClInclude Include="Music.h">
      <Filter>ソース ファイル\System\Audio\Music</Filter>
    </ClInclude>
    <ClInclude Include="PhysicsWorld.h">
      <Filter>ソース ファイル\System\PhysicsWorld</Filter>
    </ClInclude>
    <ClInclude Include="PlayerActor.h">
      <Filter>ソース ファイル\Actor\Player</Filter>
    </ClInclude>
    <ClInclude Include="PlayerStateBase.h">
      <Filter>ソース ファイル\Actor\Player\State</Filter>
    </ClInclude>
    <ClInclude Include="PlayerStateIdle.h">
      <Filter>ソース ファイル\Actor\Player\State</Filter>
    </ClInclude>
    <ClInclude Include="PlayerStateRun.h">
      <Filter>ソース ファイル\Actor\Player\State</Filter>
    </ClInclude>
    <ClInclude Include="RapidJsonHelper.h">
      <Filter>ソース ファイル\System\RapidJsonHelper</Filter>
    </ClInclude>
    <ClInclude Include="Renderer.h">
      <Filter>ソース ファイル\System\Renderer</Filter>
    </ClInclude>
    <ClInclude Include="SceneBase.h">
      <Filter>ソース ファイル\Scene</Filter>
    </ClInclude>
    <ClInclude Include="Shader.h">
      <Filter>ソース ファイル\System\Shader</Filter>
    </ClInclude>
    <ClInclude Include="ShaderTag.h">
      <Filter>ソース ファイル\System\Shader\ShaderTag</Filter>
    </ClInclude>
    <ClInclude Include="Skeleton.h">
      <Filter>ソース ファイル\System\Skeleton</Filter>
    </ClInclude>
    <ClInclude Include="Sound.h">
      <Filter>ソース ファイル\System\Audio\Sound</Filter>
    </ClInclude>
    <ClInclude Include="ThirdPersonCameraActor.h">
      <Filter>ソース ファイル\Camera</Filter>
    </ClInclude>
    <ClInclude Include="TitleScene.h">
      <Filter>ソース ファイル\Scene</Filter>
    </ClInclude>
    <ClInclude Include="Tag.h">
      <Filter>ソース ファイル\System\Tag</Filter>
    </ClInclude>
    <ClInclude Include="Texture.h">
      <Filter>ソース ファイル\System\Texture</Filter>
    </ClInclude>
    <ClInclude Include="VertexArray.h">
      <Filter>ソース ファイル\System\Renderer\VertexArray</Filter>
    </ClInclude>
    <ClInclude Include="BoxCollider.h">
      <Filter>ソース ファイル\Collider\Box</Filter>
    </ClInclude>
    <ClInclude Include="LineCollider.h">
      <Filter>ソース ファイル\Collider\Line</Filter>
    </ClInclude>
    <ClInclude Include="WallCollider.h">
      <Filter>ソース ファイル\Collider\Wall</Filter>
    </ClInclude>
    <ClInclude Include="AttachMeshComponent.h">
      <Filter>ソース ファイル\Component\Attach</Filter>
    </ClInclude>
    <ClInclude Include="ColliderComponent.h">
      <Filter>ソース ファイル\Component\Collider</Filter>
    </ClInclude>
    <ClInclude Include="EffectComponent.h">
      <Filter>ソース ファイル\Component\Effect</Filter>
    </ClInclude>
    <ClInclude Include="MeshComponent.h">
      <Filter>ソース ファイル\Component\Mesh</Filter>
    </ClInclude>
    <ClInclude Include="SkeletalMeshComponent.h">
      <Filter>ソース ファイル\Component\Skeletal</Filter>
    </ClInclude>
    <ClInclude Include="SpriteComponent.h">
      <Filter>ソース ファイル\Component\Sprite</Filter>
    </ClInclude>
    <ClInclude Include="SphereCollider.h">
      <Filter>ソース ファイル\Collider\Sphere</Filter>
    </ClInclude>
    <ClInclude Include="AttackObj.h">
      <Filter>ソース ファイル\Collider\AttackObj</Filter>
    </ClInclude>
    <ClInclude Include="StaticBGActor.h">
      <Filter>ソース ファイル\Actor\BackGroundActor\StaticBGActor</Filter>
    </ClInclude>
    <ClInclude Include="ChangeBGActor.h">
      <Filter>ソース ファイル\Actor\BackGroundActor\ChangeBGActor</Filter>
    </ClInclude>
    <ClInclude Include="SwitchActor.h">
      <Filter>ソース ファイル\Actor\BackGroundActor\SwitchActor</Filter>
    </ClInclude>
    <ClInclude Include="ChangeMeshComponent.h">
      <Filter>ソース ファイル\Component\ChangeMesh</Filter>
    </ClInclude>
    <ClInclude Include="Receiver.h">
      <Filter>ソース ファイル\Actor\BackGroundActor\StaticBGActor</Filter>
    </ClInclude>
    <ClInclude Include="EnemyManager.h">
      <Filter>ソース ファイル\Actor\Enemy</Filter>
    </ClInclude>
    <ClInclude Include="EnemyStateMoveLight.h">
      <Filter>ソース ファイル\Actor\Enemy\State</Filter>
    </ClInclude>
    <ClInclude Include="LoopMotionComponent.h">
      <Filter>ソース ファイル\Component\LoopMotionComponent</Filter>
    </ClInclude>
    <ClInclude Include="PlaySceneUI.h">
      <Filter>ソース ファイル\UI\PlaySceneUI</Filter>
    </ClInclude>
    <ClInclude Include="ButtonSprite.h">
      <Filter>ソース ファイル\UI</Filter>
    </ClInclude>
    <ClInclude Include="PlayerStateJumpStart.h">
      <Filter>ソース ファイル\Actor\Player\State</Filter>
    </ClInclude>
    <ClInclude Include="PlayerStateJumpLoop.h">
      <Filter>ソース ファイル\Actor\Player\State</Filter>
    </ClInclude>
    <ClInclude Include="PlayerStateJumpEnd.h">
      <Filter>ソース ファイル\Actor\Player\State</Filter>
    </ClInclude>
    <ClInclude Include="MoveBGActor.h">
      <Filter>ソース ファイル\Actor\BackGroundActor\MoveBGActor</Filter>
    </ClInclude>
    <ClInclude Include="DoorActor.h">
      <Filter>ソース ファイル\Actor\BackGroundActor\DoorActor</Filter>
    </ClInclude>
  </ItemGroup>
  <ItemGroup>
    <None Include="Shaders\BasicMesh.frag">
      <Filter>Shader</Filter>
    </None>
    <None Include="Shaders\BasicMesh.vert">
      <Filter>Shader</Filter>
    </None>
    <None Include="Shaders\DebugDepthMap.frag">
      <Filter>Shader</Filter>
    </None>
    <None Include="Shaders\DebugDepthMap.vert">
      <Filter>Shader</Filter>
    </None>
    <None Include="Shaders\DepthMap.frag">
      <Filter>Shader</Filter>
    </None>
    <None Include="Shaders\DepthMap.vert">
      <Filter>Shader</Filter>
    </None>
    <None Include="Shaders\DownSampling.frag">
      <Filter>Shader</Filter>
    </None>
    <None Include="Shaders\GaussBlur.frag">
      <Filter>Shader</Filter>
    </None>
    <None Include="Shaders\HDR.frag">
      <Filter>Shader</Filter>
    </None>
    <None Include="Shaders\HDRBloomBlend.frag">
      <Filter>Shader</Filter>
    </None>
    <None Include="Shaders\Line.frag">
      <Filter>Shader</Filter>
    </None>
    <None Include="Shaders\Line.vert">
      <Filter>Shader</Filter>
    </None>
    <None Include="Shaders\LineWorld.vert">
      <Filter>Shader</Filter>
    </None>
    <None Include="Shaders\Phong.frag">
      <Filter>Shader</Filter>
    </None>
    <None Include="Shaders\Phong.vert">
      <Filter>Shader</Filter>
    </None>
    <None Include="Shaders\ScreenBuffer.frag">
      <Filter>Shader</Filter>
    </None>
    <None Include="Shaders\ScreenBuffer.vert">
      <Filter>Shader</Filter>
    </None>
    <None Include="Shaders\Shadowmap.frag">
      <Filter>Shader</Filter>
    </None>
    <None Include="Shaders\Shadowmap.vert">
      <Filter>Shader</Filter>
    </None>
    <None Include="Shaders\Skinned.vert">
      <Filter>Shader</Filter>
    </None>
    <None Include="Shaders\SkinnedDepthMap.vert">
      <Filter>Shader</Filter>
    </None>
    <None Include="Shaders\SkinnedShadowmap.vert">
      <Filter>Shader</Filter>
    </None>
    <None Include="Shaders\Sphere.frag">
      <Filter>Shader</Filter>
    </None>
    <None Include="Shaders\Sphere.vert">
      <Filter>Shader</Filter>
    </None>
    <None Include="Shaders\Sprite.frag">
      <Filter>Shader</Filter>
    </None>
    <None Include="Shaders\Sprite.vert">
      <Filter>Shader</Filter>
    </None>
    <None Include="Shaders\tilemap.frag">
      <Filter>Shader</Filter>
    </None>
  </ItemGroup>
</Project>